
Microsoft Visual Studio Solution File, Format Version 12.00
# Visual Studio Version 16
VisualStudioVersion = 16.0.30114.105
MinimumVisualStudioVersion = 10.0.40219.1
Project("{FAE04EC0-301F-11D3-BF4B-00C04F79EFBC}") = "WeatherWebApi.Tests", "WeatherWebApi.Tests\WeatherWebApi.Tests.csproj", "{34F90C26-D8EF-4FC3-9B07-53F022F4F6F4}"
EndProject
Project("{FAE04EC0-301F-11D3-BF4B-00C04F79EFBC}") = "WeatherWebApi", "WeatherWebApi\WeatherWebApi.csproj", "{8A40929A-CB93-4172-BB11-1566ACA90445}"
EndProject
Global
	GlobalSection(SolutionConfigurationPlatforms) = preSolution
		Debug|Any CPU = Debug|Any CPU
		Debug|x64 = Debug|x64
		Debug|x86 = Debug|x86
		Release|Any CPU = Release|Any CPU
		Release|x64 = Release|x64
		Release|x86 = Release|x86
	EndGlobalSection
	GlobalSection(SolutionProperties) = preSolution
		HideSolutionNode = FALSE
	EndGlobalSection
	GlobalSection(ProjectConfigurationPlatforms) = postSolution
		{34F90C26-D8EF-4FC3-9B07-53F022F4F6F4}.Debug|Any CPU.ActiveCfg = Debug|Any CPU
		{34F90C26-D8EF-4FC3-9B07-53F022F4F6F4}.Debug|Any CPU.Build.0 = Debug|Any CPU
		{34F90C26-D8EF-4FC3-9B07-53F022F4F6F4}.Debug|x64.ActiveCfg = Debug|Any CPU
		{34F90C26-D8EF-4FC3-9B07-53F022F4F6F4}.Debug|x64.Build.0 = Debug|Any CPU
		{34F90C26-D8EF-4FC3-9B07-53F022F4F6F4}.Debug|x86.ActiveCfg = Debug|Any CPU
		{34F90C26-D8EF-4FC3-9B07-53F022F4F6F4}.Debug|x86.Build.0 = Debug|Any CPU
		{34F90C26-D8EF-4FC3-9B07-53F022F4F6F4}.Release|Any CPU.ActiveCfg = Release|Any CPU
		{34F90C26-D8EF-4FC3-9B07-53F022F4F6F4}.Release|Any CPU.Build.0 = Release|Any CPU
		{34F90C26-D8EF-4FC3-9B07-53F022F4F6F4}.Release|x64.ActiveCfg = Release|Any CPU
		{34F90C26-D8EF-4FC3-9B07-53F022F4F6F4}.Release|x64.Build.0 = Release|Any CPU
		{34F90C26-D8EF-4FC3-9B07-53F022F4F6F4}.Release|x86.ActiveCfg = Release|Any CPU
		{34F90C26-D8EF-4FC3-9B07-53F022F4F6F4}.Release|x86.Build.0 = Release|Any CPU
		{8A40929A-CB93-4172-BB11-1566ACA90445}.Debug|Any CPU.ActiveCfg = Debug|Any CPU
		{8A40929A-CB93-4172-BB11-1566ACA90445}.Debug|Any CPU.Build.0 = Debug|Any CPU
		{8A40929A-CB93-4172-BB11-1566ACA90445}.Debug|x64.ActiveCfg = Debug|Any CPU
		{8A40929A-CB93-4172-BB11-1566ACA90445}.Debug|x64.Build.0 = Debug|Any CPU
		{8A40929A-CB93-4172-BB11-1566ACA90445}.Debug|x86.ActiveCfg = Debug|Any CPU
		{8A40929A-CB93-4172-BB11-1566ACA90445}.Debug|x86.Build.0 = Debug|Any CPU
		{8A40929A-CB93-4172-BB11-1566ACA90445}.Release|Any CPU.ActiveCfg = Release|Any CPU
		{8A40929A-CB93-4172-BB11-1566ACA90445}.Release|Any CPU.Build.0 = Release|Any CPU
		{8A40929A-CB93-4172-BB11-1566ACA90445}.Release|x64.ActiveCfg = Release|Any CPU
		{8A40929A-CB93-4172-BB11-1566ACA90445}.Release|x64.Build.0 = Release|Any CPU
		{8A40929A-CB93-4172-BB11-1566ACA90445}.Release|x86.ActiveCfg = Release|Any CPU
		{8A40929A-CB93-4172-BB11-1566ACA90445}.Release|x86.Build.0 = Release|Any CPU
	EndGlobalSection
EndGlobal
